
Microsoft Visual Studio Solution File, Format Version 12.00
# Visual Studio 14
VisualStudioVersion = 14.0.23107.0
MinimumVisualStudioVersion = 10.0.40219.1
Project("{FAE04EC0-301F-11D3-BF4B-00C04F79EFBC}") = "Consoleapp", "Consoleapp\Consoleapp.csproj", "{50C480B3-0394-4423-ABB3-48C83DFB13D6}"
EndProject
Project("{FAE04EC0-301F-11D3-BF4B-00C04F79EFBC}") = "ClassLibrarytest", "ClassLibrarytest\ClassLibrarytest.csproj", "{202E3CAD-D5F1-4E75-8449-D44593E5A8D8}"
EndProject
Project("{FAE04EC0-301F-11D3-BF4B-00C04F79EFBC}") = "WindowsFormsApplication3", "WindowsFormsApplication3\WindowsFormsApplication3.csproj", "{0E7F0C3F-54AD-4A9F-8783-033851A4B611}"
EndProject
Global
	GlobalSection(SolutionConfigurationPlatforms) = preSolution
		Debug|Any CPU = Debug|Any CPU
		Release|Any CPU = Release|Any CPU
	EndGlobalSection
	GlobalSection(ProjectConfigurationPlatforms) = postSolution
		{50C480B3-0394-4423-ABB3-48C83DFB13D6}.Debug|Any CPU.ActiveCfg = Debug|Any CPU
		{50C480B3-0394-4423-ABB3-48C83DFB13D6}.Debug|Any CPU.Build.0 = Debug|Any CPU
		{50C480B3-0394-4423-ABB3-48C83DFB13D6}.Release|Any CPU.ActiveCfg = Release|Any CPU
		{50C480B3-0394-4423-ABB3-48C83DFB13D6}.Release|Any CPU.Build.0 = Release|Any CPU
		{202E3CAD-D5F1-4E75-8449-D44593E5A8D8}.Debug|Any CPU.ActiveCfg = Debug|Any CPU
		{202E3CAD-D5F1-4E75-8449-D44593E5A8D8}.Debug|Any CPU.Build.0 = Debug|Any CPU
		{202E3CAD-D5F1-4E75-8449-D44593E5A8D8}.Release|Any CPU.ActiveCfg = Release|Any CPU
		{202E3CAD-D5F1-4E75-8449-D44593E5A8D8}.Release|Any CPU.Build.0 = Release|Any CPU
		{0E7F0C3F-54AD-4A9F-8783-033851A4B611}.Debug|Any CPU.ActiveCfg = Debug|Any CPU
		{0E7F0C3F-54AD-4A9F-8783-033851A4B611}.Debug|Any CPU.Build.0 = Debug|Any CPU
		{0E7F0C3F-54AD-4A9F-8783-033851A4B611}.Release|Any CPU.ActiveCfg = Release|Any CPU
		{0E7F0C3F-54AD-4A9F-8783-033851A4B611}.Release|Any CPU.Build.0 = Release|Any CPU
	EndGlobalSection
	GlobalSection(SolutionProperties) = preSolution
		HideSolutionNode = FALSE
	EndGlobalSection
EndGlobal
